
Microsoft Visual Studio Solution File, Format Version 12.00
# Visual Studio 2012
Project("{FAE04EC0-301F-11D3-BF4B-00C04F79EFBC}") = "nameSpace", "nameSpace\nameSpace.csproj", "{B381FA78-2D86-4692-B447-966473CC96D4}"
EndProject
Project("{FAE04EC0-301F-11D3-BF4B-00C04F79EFBC}") = "ProjectA.TeamA", "ProjectA.TeamA\ProjectA.TeamA.csproj", "{FD7208A6-E1D8-4921-8976-22A1348F9189}"
EndProject
Project("{FAE04EC0-301F-11D3-BF4B-00C04F79EFBC}") = "ProjectA.TeamB", "ProjectA.TeamB\ProjectA.TeamB.csproj", "{66078CE5-B1AB-4D55-B583-5B8B3B0315E9}"
EndProject
Global
	GlobalSection(SolutionConfigurationPlatforms) = preSolution
		Debug|Any CPU = Debug|Any CPU
		Release|Any CPU = Release|Any CPU
	EndGlobalSection
	GlobalSection(ProjectConfigurationPlatforms) = postSolution
		{B381FA78-2D86-4692-B447-966473CC96D4}.Debug|Any CPU.ActiveCfg = Debug|Any CPU
		{B381FA78-2D86-4692-B447-966473CC96D4}.Debug|Any CPU.Build.0 = Debug|Any CPU
		{B381FA78-2D86-4692-B447-966473CC96D4}.Release|Any CPU.ActiveCfg = Release|Any CPU
		{B381FA78-2D86-4692-B447-966473CC96D4}.Release|Any CPU.Build.0 = Release|Any CPU
		{FD7208A6-E1D8-4921-8976-22A1348F9189}.Debug|Any CPU.ActiveCfg = Debug|Any CPU
		{FD7208A6-E1D8-4921-8976-22A1348F9189}.Debug|Any CPU.Build.0 = Debug|Any CPU
		{FD7208A6-E1D8-4921-8976-22A1348F9189}.Release|Any CPU.ActiveCfg = Release|Any CPU
		{FD7208A6-E1D8-4921-8976-22A1348F9189}.Release|Any CPU.Build.0 = Release|Any CPU
		{66078CE5-B1AB-4D55-B583-5B8B3B0315E9}.Debug|Any CPU.ActiveCfg = Debug|Any CPU
		{66078CE5-B1AB-4D55-B583-5B8B3B0315E9}.Debug|Any CPU.Build.0 = Debug|Any CPU
		{66078CE5-B1AB-4D55-B583-5B8B3B0315E9}.Release|Any CPU.ActiveCfg = Release|Any CPU
		{66078CE5-B1AB-4D55-B583-5B8B3B0315E9}.Release|Any CPU.Build.0 = Release|Any CPU
	EndGlobalSection
	GlobalSection(SolutionProperties) = preSolution
		HideSolutionNode = FALSE
	EndGlobalSection
EndGlobal
