
Microsoft Visual Studio Solution File, Format Version 12.00
# Visual Studio 15
VisualStudioVersion = 15.0.27004.2002
MinimumVisualStudioVersion = 10.0.40219.1
Project("{FAE04EC0-301F-11D3-BF4B-00C04F79EFBC}") = "Task_Await_Jeremy", "Task_Await_Jeremy\Task_Await_Jeremy.csproj", "{A5205E75-20C8-42E5-A695-4F286475AEAE}"
EndProject
Global
	GlobalSection(SolutionConfigurationPlatforms) = preSolution
		Debug|Any CPU = Debug|Any CPU
		Release|Any CPU = Release|Any CPU
	EndGlobalSection
	GlobalSection(ProjectConfigurationPlatforms) = postSolution
		{A5205E75-20C8-42E5-A695-4F286475AEAE}.Debug|Any CPU.ActiveCfg = Debug|Any CPU
		{A5205E75-20C8-42E5-A695-4F286475AEAE}.Debug|Any CPU.Build.0 = Debug|Any CPU
		{A5205E75-20C8-42E5-A695-4F286475AEAE}.Release|Any CPU.ActiveCfg = Release|Any CPU
		{A5205E75-20C8-42E5-A695-4F286475AEAE}.Release|Any CPU.Build.0 = Release|Any CPU
	EndGlobalSection
	GlobalSection(SolutionProperties) = preSolution
		HideSolutionNode = FALSE
	EndGlobalSection
	GlobalSection(ExtensibilityGlobals) = postSolution
		SolutionGuid = {3EDC74FF-EFBF-45C1-9831-3AF96DD324BD}
	EndGlobalSection
EndGlobal
